
Microsoft Visual Studio Solution File, Format Version 12.00
# Visual Studio Version 17
VisualStudioVersion = 17.0.31903.59
MinimumVisualStudioVersion = 10.0.40219.1
Project("{FAE04EC0-301F-11D3-BF4B-00C04F79EFBC}") = "SeleniumWrapper.Core", "SeleniumWrapper.Core\SeleniumWrapper.Core.csproj", "{1C6E62C5-9D89-45DE-8241-96BE6A3D0268}"
EndProject
Project("{FAE04EC0-301F-11D3-BF4B-00C04F79EFBC}") = "SeleniumWrapper.Tests", "SeleniumWrapper.Tests\SeleniumWrapper.Tests.csproj", "{82CD3529-2DFD-4F9C-B5B0-A949CE642128}"
EndProject
Project("{FAE04EC0-301F-11D3-BF4B-00C04F79EFBC}") = "SeleniumWrapper.Page", "SeleniumWrapper.Page\SeleniumWrapper.Page.csproj", "{2BF1A90B-E355-44C3-95AC-045CE572297C}"
EndProject
Global
	GlobalSection(SolutionConfigurationPlatforms) = preSolution
		Debug|Any CPU = Debug|Any CPU
		Release|Any CPU = Release|Any CPU
	EndGlobalSection
	GlobalSection(ProjectConfigurationPlatforms) = postSolution
		{1C6E62C5-9D89-45DE-8241-96BE6A3D0268}.Debug|Any CPU.ActiveCfg = Debug|Any CPU
		{1C6E62C5-9D89-45DE-8241-96BE6A3D0268}.Debug|Any CPU.Build.0 = Debug|Any CPU
		{1C6E62C5-9D89-45DE-8241-96BE6A3D0268}.Release|Any CPU.ActiveCfg = Release|Any CPU
		{1C6E62C5-9D89-45DE-8241-96BE6A3D0268}.Release|Any CPU.Build.0 = Release|Any CPU
		{82CD3529-2DFD-4F9C-B5B0-A949CE642128}.Debug|Any CPU.ActiveCfg = Debug|Any CPU
		{82CD3529-2DFD-4F9C-B5B0-A949CE642128}.Debug|Any CPU.Build.0 = Debug|Any CPU
		{82CD3529-2DFD-4F9C-B5B0-A949CE642128}.Release|Any CPU.ActiveCfg = Release|Any CPU
		{82CD3529-2DFD-4F9C-B5B0-A949CE642128}.Release|Any CPU.Build.0 = Release|Any CPU
		{2BF1A90B-E355-44C3-95AC-045CE572297C}.Debug|Any CPU.ActiveCfg = Debug|Any CPU
		{2BF1A90B-E355-44C3-95AC-045CE572297C}.Debug|Any CPU.Build.0 = Debug|Any CPU
		{2BF1A90B-E355-44C3-95AC-045CE572297C}.Release|Any CPU.ActiveCfg = Release|Any CPU
		{2BF1A90B-E355-44C3-95AC-045CE572297C}.Release|Any CPU.Build.0 = Release|Any CPU
	EndGlobalSection
	GlobalSection(SolutionProperties) = preSolution
		HideSolutionNode = FALSE
	EndGlobalSection
	GlobalSection(ExtensibilityGlobals) = postSolution
		SolutionGuid = {8FAA87C4-7148-45AE-925A-2DC27F8DCB1E}
	EndGlobalSection
EndGlobal
