
Microsoft Visual Studio Solution File, Format Version 12.00
# Visual Studio Version 17
VisualStudioVersion = 17.0.31903.59
MinimumVisualStudioVersion = 10.0.40219.1
Project("{9A19103F-16F7-4668-BE54-9A1E7A4F7556}") = "Saucedemo.Tests", "Patterns\Saucedemo.Tests.csproj", "{F7C62146-BC79-4C49-AFB2-AA5F1ED5B3F1}"
EndProject
Project("{9A19103F-16F7-4668-BE54-9A1E7A4F7556}") = "Saucedemo.Core", "Saucedemo.Core\Saucedemo.Core.csproj", "{54C3FD0D-2E20-47B4-B6ED-440372166A2D}"
EndProject
Project("{FAE04EC0-301F-11D3-BF4B-00C04F79EFBC}") = "Saucedemo.Page", "Saucedemo.Page\Saucedemo.Page.csproj", "{59550884-49A6-4D92-9A5B-CED48D5594D7}"
EndProject
Global
	GlobalSection(SolutionConfigurationPlatforms) = preSolution
		Debug|Any CPU = Debug|Any CPU
		Release|Any CPU = Release|Any CPU
	EndGlobalSection
	GlobalSection(ProjectConfigurationPlatforms) = postSolution
		{F7C62146-BC79-4C49-AFB2-AA5F1ED5B3F1}.Debug|Any CPU.ActiveCfg = Debug|Any CPU
		{F7C62146-BC79-4C49-AFB2-AA5F1ED5B3F1}.Debug|Any CPU.Build.0 = Debug|Any CPU
		{F7C62146-BC79-4C49-AFB2-AA5F1ED5B3F1}.Release|Any CPU.ActiveCfg = Release|Any CPU
		{F7C62146-BC79-4C49-AFB2-AA5F1ED5B3F1}.Release|Any CPU.Build.0 = Release|Any CPU
		{54C3FD0D-2E20-47B4-B6ED-440372166A2D}.Debug|Any CPU.ActiveCfg = Debug|Any CPU
		{54C3FD0D-2E20-47B4-B6ED-440372166A2D}.Debug|Any CPU.Build.0 = Debug|Any CPU
		{54C3FD0D-2E20-47B4-B6ED-440372166A2D}.Release|Any CPU.ActiveCfg = Release|Any CPU
		{54C3FD0D-2E20-47B4-B6ED-440372166A2D}.Release|Any CPU.Build.0 = Release|Any CPU
		{59550884-49A6-4D92-9A5B-CED48D5594D7}.Debug|Any CPU.ActiveCfg = Debug|Any CPU
		{59550884-49A6-4D92-9A5B-CED48D5594D7}.Debug|Any CPU.Build.0 = Debug|Any CPU
		{59550884-49A6-4D92-9A5B-CED48D5594D7}.Release|Any CPU.ActiveCfg = Release|Any CPU
		{59550884-49A6-4D92-9A5B-CED48D5594D7}.Release|Any CPU.Build.0 = Release|Any CPU
	EndGlobalSection
	GlobalSection(SolutionProperties) = preSolution
		HideSolutionNode = FALSE
	EndGlobalSection
	GlobalSection(ExtensibilityGlobals) = postSolution
		SolutionGuid = {AE5CD5E1-B7D7-4C92-92B3-F12321030048}
	EndGlobalSection
EndGlobal
