
Microsoft Visual Studio Solution File, Format Version 12.00
# Visual Studio Version 17
VisualStudioVersion = 17.0.31903.59
MinimumVisualStudioVersion = 10.0.40219.1
Project("{9A19103F-16F7-4668-BE54-9A1E7A4F7556}") = "Rest.Advanced.Demo", "Rest.Advanced.Demo\Rest.Advanced.Demo.csproj", "{35381D3E-FA20-4887-B582-B4A305205BD5}"
EndProject
Project("{FAE04EC0-301F-11D3-BF4B-00C04F79EFBC}") = "Rest.Advanced.Homework", "Rest.Advanced.Homework\Rest.Advanced.Homework.csproj", "{C676BD64-3A16-4699-84B2-30BF80E16C87}"
EndProject
Global
	GlobalSection(SolutionConfigurationPlatforms) = preSolution
		Debug|Any CPU = Debug|Any CPU
		Release|Any CPU = Release|Any CPU
	EndGlobalSection
	GlobalSection(ProjectConfigurationPlatforms) = postSolution
		{35381D3E-FA20-4887-B582-B4A305205BD5}.Debug|Any CPU.ActiveCfg = Debug|Any CPU
		{35381D3E-FA20-4887-B582-B4A305205BD5}.Debug|Any CPU.Build.0 = Debug|Any CPU
		{35381D3E-FA20-4887-B582-B4A305205BD5}.Release|Any CPU.ActiveCfg = Release|Any CPU
		{35381D3E-FA20-4887-B582-B4A305205BD5}.Release|Any CPU.Build.0 = Release|Any CPU
		{C676BD64-3A16-4699-84B2-30BF80E16C87}.Debug|Any CPU.ActiveCfg = Debug|Any CPU
		{C676BD64-3A16-4699-84B2-30BF80E16C87}.Debug|Any CPU.Build.0 = Debug|Any CPU
		{C676BD64-3A16-4699-84B2-30BF80E16C87}.Release|Any CPU.ActiveCfg = Release|Any CPU
		{C676BD64-3A16-4699-84B2-30BF80E16C87}.Release|Any CPU.Build.0 = Release|Any CPU
	EndGlobalSection
	GlobalSection(SolutionProperties) = preSolution
		HideSolutionNode = FALSE
	EndGlobalSection
	GlobalSection(ExtensibilityGlobals) = postSolution
		SolutionGuid = {D8D44999-6F41-430A-9CC0-9B146D3BC068}
	EndGlobalSection
EndGlobal
